
Microsoft Visual Studio Solution File, Format Version 12.00
# Visual Studio Version 17
VisualStudioVersion = 17.6.33723.286
MinimumVisualStudioVersion = 10.0.40219.1
Project("{FAE04EC0-301F-11D3-BF4B-00C04F79EFBC}") = "TPI_P3", "TPI_P3\TPI_P3.csproj", "{F47223F8-B0A1-482E-95C0-945D363C3D99}"
EndProject
Global
	GlobalSection(SolutionConfigurationPlatforms) = preSolution
		Debug|Any CPU = Debug|Any CPU
		Release|Any CPU = Release|Any CPU
	EndGlobalSection
	GlobalSection(ProjectConfigurationPlatforms) = postSolution
		{F47223F8-B0A1-482E-95C0-945D363C3D99}.Debug|Any CPU.ActiveCfg = Debug|Any CPU
		{F47223F8-B0A1-482E-95C0-945D363C3D99}.Debug|Any CPU.Build.0 = Debug|Any CPU
		{F47223F8-B0A1-482E-95C0-945D363C3D99}.Release|Any CPU.ActiveCfg = Release|Any CPU
		{F47223F8-B0A1-482E-95C0-945D363C3D99}.Release|Any CPU.Build.0 = Release|Any CPU
	EndGlobalSection
	GlobalSection(SolutionProperties) = preSolution
		HideSolutionNode = FALSE
	EndGlobalSection
	GlobalSection(ExtensibilityGlobals) = postSolution
		SolutionGuid = {F7BFCA38-BDFD-4326-89A1-C830EF5642E7}
	EndGlobalSection
EndGlobal
